Microsoft Visual Studio Solution File, Format Version 11.00
# Visual Studio 2008

Project("{FD4F78E6-B309-CCAD-4C29-C4793F7CEC51}") = "Yon", "Assembly-CSharp.csproj", "{09B5C279-AF67-77CD-5445-AB09A6B2684C}"
EndProject
Global
	GlobalSection(SolutionConfigurationPlatforms) = preSolution
		Debug|Any CPU = Debug|Any CPU
		Release|Any CPU = Release|Any CPU
	EndGlobalSection
	GlobalSection(ProjectConfigurationPlatforms) = postSolution
		{09B5C279-AF67-77CD-5445-AB09A6B2684C}.Debug|Any CPU.ActiveCfg = Debug|Any CPU
		{09B5C279-AF67-77CD-5445-AB09A6B2684C}.Debug|Any CPU.Build.0 = Debug|Any CPU
		{09B5C279-AF67-77CD-5445-AB09A6B2684C}.Release|Any CPU.ActiveCfg = Release|Any CPU
		{09B5C279-AF67-77CD-5445-AB09A6B2684C}.Release|Any CPU.Build.0 = Release|Any CPU
	EndGlobalSection
	GlobalSection(SolutionProperties) = preSolution
		HideSolutionNode = FALSE
	EndGlobalSection
	GlobalSection(MonoDevelopProperties) = preSolution
		StartupItem = Assembly-CSharp.csproj
	EndGlobalSection
EndGlobal
